
Microsoft Visual Studio Solution File, Format Version 12.00
# Visual Studio Version 16
VisualStudioVersion = 16.0.29102.190
MinimumVisualStudioVersion = 10.0.40219.1
Project("{2150E333-8FDC-42A3-9474-1A3956D46DE8}") = "src", "src", "{837B90A4-2C9C-419B-833C-134BEE71D8BB}"
EndProject
Project("{2150E333-8FDC-42A3-9474-1A3956D46DE8}") = "tests", "tests", "{A2307020-6742-4E57-B784-982CB1A88A13}"
EndProject
Project("{2150E333-8FDC-42A3-9474-1A3956D46DE8}") = "examples", "examples", "{C8879703-34B1-4108-A98B-E1BA1F051129}"
EndProject
Project("{9A19103F-16F7-4668-BE54-9A1E7A4F7556}") = "Librame.AspNetCore.Portal.Abstractions", "src\Librame.AspNetCore.Portal.Abstractions\Librame.AspNetCore.Portal.Abstractions.csproj", "{5B84D454-E5DD-4BB0-B727-A69B96D0BB99}"
EndProject
Project("{9A19103F-16F7-4668-BE54-9A1E7A4F7556}") = "Librame.AspNetCore.Portal.EntityFrameworkCore", "src\Librame.AspNetCore.Portal.EntityFrameworkCore\Librame.AspNetCore.Portal.EntityFrameworkCore.csproj", "{52BFCD65-3E62-480C-844F-CD96C4A64E4E}"
EndProject
Project("{9A19103F-16F7-4668-BE54-9A1E7A4F7556}") = "Librame.AspNetCore.Library.Abstractions", "src\Librame.AspNetCore.Library.Abstractions\Librame.AspNetCore.Library.Abstractions.csproj", "{69F44527-59FA-41C8-83FC-01F74316E279}"
EndProject
Project("{9A19103F-16F7-4668-BE54-9A1E7A4F7556}") = "Librame.AspNetCore.Library.EntityFrameworkCore", "src\Librame.AspNetCore.Library.EntityFrameworkCore\Librame.AspNetCore.Library.EntityFrameworkCore.csproj", "{97883EB7-37D0-4B4E-8567-96536F2BE791}"
EndProject
Project("{9A19103F-16F7-4668-BE54-9A1E7A4F7556}") = "Librame.AspNetCore.Gallery.Abstractions", "src\Librame.AspNetCore.Gallery.Abstractions\Librame.AspNetCore.Gallery.Abstractions.csproj", "{FD779626-F1E1-48A4-A60A-D4445F215FF8}"
EndProject
Project("{9A19103F-16F7-4668-BE54-9A1E7A4F7556}") = "Librame.AspNetCore.Gallery.EntityFrameworkCore", "src\Librame.AspNetCore.Gallery.EntityFrameworkCore\Librame.AspNetCore.Gallery.EntityFrameworkCore.csproj", "{9D9A1BC8-C81B-42C8-8F9A-B9F95C224CFD}"
EndProject
Project("{9A19103F-16F7-4668-BE54-9A1E7A4F7556}") = "Librame.AspNetCore.Portal.Abstractions.Tests", "tests\Librame.AspNetCore.Portal.Abstractions.Tests\Librame.AspNetCore.Portal.Abstractions.Tests.csproj", "{E753A993-F669-490A-8664-6DFE36AA8C92}"
EndProject
Project("{9A19103F-16F7-4668-BE54-9A1E7A4F7556}") = "Librame.AspNetCore.Portal.EntityFrameworkCore.Tests", "tests\Librame.AspNetCore.Portal.EntityFrameworkCore.Tests\Librame.AspNetCore.Portal.EntityFrameworkCore.Tests.csproj", "{E1B6534F-9D95-4A21-A544-4C1D3D21BC9D}"
EndProject
Global
	GlobalSection(SolutionConfigurationPlatforms) = preSolution
		Debug|Any CPU = Debug|Any CPU
		Release|Any CPU = Release|Any CPU
	EndGlobalSection
	GlobalSection(ProjectConfigurationPlatforms) = postSolution
		{5B84D454-E5DD-4BB0-B727-A69B96D0BB99}.Debug|Any CPU.ActiveCfg = Debug|Any CPU
		{5B84D454-E5DD-4BB0-B727-A69B96D0BB99}.Debug|Any CPU.Build.0 = Debug|Any CPU
		{5B84D454-E5DD-4BB0-B727-A69B96D0BB99}.Release|Any CPU.ActiveCfg = Release|Any CPU
		{5B84D454-E5DD-4BB0-B727-A69B96D0BB99}.Release|Any CPU.Build.0 = Release|Any CPU
		{52BFCD65-3E62-480C-844F-CD96C4A64E4E}.Debug|Any CPU.ActiveCfg = Debug|Any CPU
		{52BFCD65-3E62-480C-844F-CD96C4A64E4E}.Debug|Any CPU.Build.0 = Debug|Any CPU
		{52BFCD65-3E62-480C-844F-CD96C4A64E4E}.Release|Any CPU.ActiveCfg = Release|Any CPU
		{52BFCD65-3E62-480C-844F-CD96C4A64E4E}.Release|Any CPU.Build.0 = Release|Any CPU
		{69F44527-59FA-41C8-83FC-01F74316E279}.Debug|Any CPU.ActiveCfg = Debug|Any CPU
		{69F44527-59FA-41C8-83FC-01F74316E279}.Debug|Any CPU.Build.0 = Debug|Any CPU
		{69F44527-59FA-41C8-83FC-01F74316E279}.Release|Any CPU.ActiveCfg = Release|Any CPU
		{69F44527-59FA-41C8-83FC-01F74316E279}.Release|Any CPU.Build.0 = Release|Any CPU
		{97883EB7-37D0-4B4E-8567-96536F2BE791}.Debug|Any CPU.ActiveCfg = Debug|Any CPU
		{97883EB7-37D0-4B4E-8567-96536F2BE791}.Debug|Any CPU.Build.0 = Debug|Any CPU
		{97883EB7-37D0-4B4E-8567-96536F2BE791}.Release|Any CPU.ActiveCfg = Release|Any CPU
		{97883EB7-37D0-4B4E-8567-96536F2BE791}.Release|Any CPU.Build.0 = Release|Any CPU
		{FD779626-F1E1-48A4-A60A-D4445F215FF8}.Debug|Any CPU.ActiveCfg = Debug|Any CPU
		{FD779626-F1E1-48A4-A60A-D4445F215FF8}.Debug|Any CPU.Build.0 = Debug|Any CPU
		{FD779626-F1E1-48A4-A60A-D4445F215FF8}.Release|Any CPU.ActiveCfg = Release|Any CPU
		{FD779626-F1E1-48A4-A60A-D4445F215FF8}.Release|Any CPU.Build.0 = Release|Any CPU
		{9D9A1BC8-C81B-42C8-8F9A-B9F95C224CFD}.Debug|Any CPU.ActiveCfg = Debug|Any CPU
		{9D9A1BC8-C81B-42C8-8F9A-B9F95C224CFD}.Debug|Any CPU.Build.0 = Debug|Any CPU
		{9D9A1BC8-C81B-42C8-8F9A-B9F95C224CFD}.Release|Any CPU.ActiveCfg = Release|Any CPU
		{9D9A1BC8-C81B-42C8-8F9A-B9F95C224CFD}.Release|Any CPU.Build.0 = Release|Any CPU
		{E753A993-F669-490A-8664-6DFE36AA8C92}.Debug|Any CPU.ActiveCfg = Debug|Any CPU
		{E753A993-F669-490A-8664-6DFE36AA8C92}.Debug|Any CPU.Build.0 = Debug|Any CPU
		{E753A993-F669-490A-8664-6DFE36AA8C92}.Release|Any CPU.ActiveCfg = Release|Any CPU
		{E753A993-F669-490A-8664-6DFE36AA8C92}.Release|Any CPU.Build.0 = Release|Any CPU
		{E1B6534F-9D95-4A21-A544-4C1D3D21BC9D}.Debug|Any CPU.ActiveCfg = Debug|Any CPU
		{E1B6534F-9D95-4A21-A544-4C1D3D21BC9D}.Debug|Any CPU.Build.0 = Debug|Any CPU
		{E1B6534F-9D95-4A21-A544-4C1D3D21BC9D}.Release|Any CPU.ActiveCfg = Release|Any CPU
		{E1B6534F-9D95-4A21-A544-4C1D3D21BC9D}.Release|Any CPU.Build.0 = Release|Any CPU
	EndGlobalSection
	GlobalSection(SolutionProperties) = preSolution
		HideSolutionNode = FALSE
	EndGlobalSection
	GlobalSection(NestedProjects) = preSolution
		{5B84D454-E5DD-4BB0-B727-A69B96D0BB99} = {837B90A4-2C9C-419B-833C-134BEE71D8BB}
		{52BFCD65-3E62-480C-844F-CD96C4A64E4E} = {837B90A4-2C9C-419B-833C-134BEE71D8BB}
		{69F44527-59FA-41C8-83FC-01F74316E279} = {837B90A4-2C9C-419B-833C-134BEE71D8BB}
		{97883EB7-37D0-4B4E-8567-96536F2BE791} = {837B90A4-2C9C-419B-833C-134BEE71D8BB}
		{FD779626-F1E1-48A4-A60A-D4445F215FF8} = {837B90A4-2C9C-419B-833C-134BEE71D8BB}
		{9D9A1BC8-C81B-42C8-8F9A-B9F95C224CFD} = {837B90A4-2C9C-419B-833C-134BEE71D8BB}
		{E753A993-F669-490A-8664-6DFE36AA8C92} = {A2307020-6742-4E57-B784-982CB1A88A13}
		{E1B6534F-9D95-4A21-A544-4C1D3D21BC9D} = {A2307020-6742-4E57-B784-982CB1A88A13}
	EndGlobalSection
	GlobalSection(ExtensibilityGlobals) = postSolution
		SolutionGuid = {2D7541BC-8854-4490-AB15-E37617DC1619}
	EndGlobalSection
EndGlobal
